
Microsoft Visual Studio Solution File, Format Version 12.00
# Visual Studio Version 17
VisualStudioVersion = 17.7.34024.191
MinimumVisualStudioVersion = 10.0.40219.1
Project("{FAE04EC0-301F-11D3-BF4B-00C04F79EFBC}") = "Calculator", "Calculator.csproj", "{B13198A9-BDFA-4720-963A-CBF9B5C62068}"
EndProject
Global
	GlobalSection(SolutionConfigurationPlatforms) = preSolution
		Debug|Any CPU = Debug|Any CPU
		Release|Any CPU = Release|Any CPU
	EndGlobalSection
	GlobalSection(ProjectConfigurationPlatforms) = postSolution
		{B13198A9-BDFA-4720-963A-CBF9B5C62068}.Debug|Any CPU.ActiveCfg = Debug|Any CPU
		{B13198A9-BDFA-4720-963A-CBF9B5C62068}.Debug|Any CPU.Build.0 = Debug|Any CPU
		{B13198A9-BDFA-4720-963A-CBF9B5C62068}.Release|Any CPU.ActiveCfg = Release|Any CPU
		{B13198A9-BDFA-4720-963A-CBF9B5C62068}.Release|Any CPU.Build.0 = Release|Any CPU
	EndGlobalSection
	GlobalSection(SolutionProperties) = preSolution
		HideSolutionNode = FALSE
	EndGlobalSection
	GlobalSection(ExtensibilityGlobals) = postSolution
		SolutionGuid = {73289C23-F18B-409A-9113-67CBDF51A7AB}
	EndGlobalSection
EndGlobal
